<Solution>
  <Project Path="Assembly-CSharp.csproj" />
  <Project Path="Unity.Multiplayer.Center.Editor.Tests.csproj" />
  <Project Path="Unity.Multiplayer.Center.Editor.csproj" />
  <Project Path="Unity.Multiplayer.Center.Common.csproj" />
  <Project Path="Assembly-CSharp-Editor.csproj" />
  <Project Path="Unity.Multiplayer.Center.Tests.csproj" />
</Solution>
